
Microsoft Visual Studio Solution File, Format Version 12.00
# Visual Studio Version 17
VisualStudioVersion = 17.10.35122.118
MinimumVisualStudioVersion = 10.0.40219.1
Project("{FAE04EC0-301F-11D3-BF4B-00C04F79EFBC}") = "FixedWord", "FixedWord\FixedWord.csproj", "{1379E9D6-5D4B-4807-B50E-5FDE967D5E53}"
EndProject
Global
	GlobalSection(SolutionConfigurationPlatforms) = preSolution
		Debug|Any CPU = Debug|Any CPU
		Release|Any CPU = Release|Any CPU
	EndGlobalSection
	GlobalSection(ProjectConfigurationPlatforms) = postSolution
		{1379E9D6-5D4B-4807-B50E-5FDE967D5E53}.Debug|Any CPU.ActiveCfg = Debug|Any CPU
		{1379E9D6-5D4B-4807-B50E-5FDE967D5E53}.Debug|Any CPU.Build.0 = Debug|Any CPU
		{1379E9D6-5D4B-4807-B50E-5FDE967D5E53}.Release|Any CPU.ActiveCfg = Release|Any CPU
		{1379E9D6-5D4B-4807-B50E-5FDE967D5E53}.Release|Any CPU.Build.0 = Release|Any CPU
	EndGlobalSection
	GlobalSection(SolutionProperties) = preSolution
		HideSolutionNode = FALSE
	EndGlobalSection
	GlobalSection(ExtensibilityGlobals) = postSolution
		SolutionGuid = {50C67BAF-5C67-4638-9B30-38512BD57603}
	EndGlobalSection
EndGlobal
